// !$*UTF8*$!
{
	archiveVersion = 1;
	classes = {
	};
	objectVersion = 46;
	objects = {

/* Begin PBXBuildFile section */
		110133A81B817A3A00EE81A7 /* HGSidePanelViewController.swift in Sources */ = {isa = PBXBuildFile; fileRef = 110133A71B817A3A00EE81A7 /* HGSidePanelViewController.swift */; };
		111800071B81865B00CDA96A /* HGContentViewController.swift in Sources */ = {isa = PBXBuildFile; fileRef = 111800061B81865B00CDA96A /* HGContentViewController.swift */; };
		111800091B8186B300CDA96A /* HGBaseTableViewController.swift in Sources */ = {isa = PBXBuildFile; fileRef = 111800081B8186B300CDA96A /* HGBaseTableViewController.swift */; };
		1118000B1B8186D700CDA96A /* HGTabBarViewController.swift in Sources */ = {isa = PBXBuildFile; fileRef = 1118000A1B8186D700CDA96A /* HGTabBarViewController.swift */; };
		1118000F1B818F8200CDA96A /* HGMineViewController.swift in Sources */ = {isa = PBXBuildFile; fileRef = 1118000E1B818F8200CDA96A /* HGMineViewController.swift */; };
		1150B6E01B855FD1006158E6 /* HGBaseRootViewController.swift in Sources */ = {isa = PBXBuildFile; fileRef = 1150B6DF1B855FD1006158E6 /* HGBaseRootViewController.swift */; };
		115BE63B1B84C876008A6D1A /* CoreLocation.framework in Frameworks */ = {isa = PBXBuildFile; fileRef = 115BE63A1B84C876008A6D1A /* CoreLocation.framework */; };
		115BE63F1B84D6CB008A6D1A /* HGSettingViewController.swift in Sources */ = {isa = PBXBuildFile; fileRef = 115BE63E1B84D6CB008A6D1A /* HGSettingViewController.swift */; };
		115E9D1B1B8BE398007F16CA /* HealthKit.framework in Frameworks */ = {isa = PBXBuildFile; fileRef = 115E9D1A1B8BE398007F16CA /* HealthKit.framework */; };
		115E9D1D1B8BFE85007F16CA /* HGLocationManager.swift in Sources */ = {isa = PBXBuildFile; fileRef = 115E9D1C1B8BFE85007F16CA /* HGLocationManager.swift */; };
		1160B3241B82B3160092543D /* SwiftColors.swift in Sources */ = {isa = PBXBuildFile; fileRef = 1160B3231B82B3160092543D /* SwiftColors.swift */; };
		11AF35421B81CFAE0000C16F /* HGSideCellModel.swift in Sources */ = {isa = PBXBuildFile; fileRef = 11AF35411B81CFAE0000C16F /* HGSideCellModel.swift */; };
		11AF35461B81D6F10000C16F /* HGSportViewController.swift in Sources */ = {isa = PBXBuildFile; fileRef = 11AF35451B81D6F10000C16F /* HGSportViewController.swift */; };
		11B24B371B7AF2580055EB9A /* AppDelegate.swift in Sources */ = {isa = PBXBuildFile; fileRef = 11B24B361B7AF2580055EB9A /* AppDelegate.swift */; };
		11B24B3E1B7AF2580055EB9A /* Main.storyboard in Resources */ = {isa = PBXBuildFile; fileRef = 11B24B3C1B7AF2580055EB9A /* Main.storyboard */; };
		11B24B401B7AF2580055EB9A /* Images.xcassets in Resources */ = {isa = PBXBuildFile; fileRef = 11B24B3F1B7AF2580055EB9A /* Images.xcassets */; };
		11B24B431B7AF2580055EB9A /* LaunchScreen.xib in Resources */ = {isa = PBXBuildFile; fileRef = 11B24B411B7AF2580055EB9A /* LaunchScreen.xib */; };
		11B24B4F1B7AF2580055EB9A /* HGRunningTabTests.swift in Sources */ = {isa = PBXBuildFile; fileRef = 11B24B4E1B7AF2580055EB9A /* HGRunningTabTests.swift */; };
		11B24B701B7AF6D00055EB9A /* HGBaseNavigationController.swift in Sources */ = {isa = PBXBuildFile; fileRef = 11B24B651B7AF6D00055EB9A /* HGBaseNavigationController.swift */; };
		11B24B721B7AF6D00055EB9A /* HGBaseViewController.swift in Sources */ = {isa = PBXBuildFile; fileRef = 11B24B6B1B7AF6D00055EB9A /* HGBaseViewController.swift */; };
		11DED09F1B831C6100366913 /* HGMotionKit.swift in Sources */ = {isa = PBXBuildFile; fileRef = 11DED09E1B831C6100366913 /* HGMotionKit.swift */; };
		11DED0A11B83361100366913 /* HGSettingSportViewController.swift in Sources */ = {isa = PBXBuildFile; fileRef = 11DED0A01B83361100366913 /* HGSettingSportViewController.swift */; };
/* End PBXBuildFile section */

/* Begin PBXContainerItemProxy section */
		11B24B491B7AF2580055EB9A /* PBXContainerItemProxy */ = {
			isa = PBXContainerItemProxy;
			containerPortal = 11B24B291B7AF2580055EB9A /* Project object */;
			proxyType = 1;
			remoteGlobalIDString = 11B24B301B7AF2580055EB9A;
			remoteInfo = HGRunningTab;
		};
/* End PBXContainerItemProxy section */

/* Begin PBXFileReference section */
		110133A71B817A3A00EE81A7 /* HGSidePanelViewController.swift */ = {isa = PBXFileReference; fileEncoding = 4; lastKnownFileType = sourcecode.swift; path = HGSidePanelViewController.swift; sourceTree = "<group>"; };
		111800061B81865B00CDA96A /* HGContentViewController.swift */ = {isa = PBXFileReference; fileEncoding = 4; lastKnownFileType = sourcecode.swift; path = HGContentViewController.swift; sourceTree = "<group>"; };
		111800081B8186B300CDA96A /* HGBaseTableViewController.swift */ = {isa = PBXFileReference; fileEncoding = 4; lastKnownFileType = sourcecode.swift; path = HGBaseTableViewController.swift; sourceTree = "<group>"; };
		1118000A1B8186D700CDA96A /* HGTabBarViewController.swift */ = {isa = PBXFileReference; fileEncoding = 4; lastKnownFileType = sourcecode.swift; path = HGTabBarViewController.swift; sourceTree = "<group>"; };
		1118000E1B818F8200CDA96A /* HGMineViewController.swift */ = {isa = PBXFileReference; fileEncoding = 4; lastKnownFileType = sourcecode.swift; path = HGMineViewController.swift; sourceTree = "<group>"; };
		1150B6DF1B855FD1006158E6 /* HGBaseRootViewController.swift */ = {isa = PBXFileReference; fileEncoding = 4; lastKnownFileType = sourcecode.swift; path = HGBaseRootViewController.swift; sourceTree = "<group>"; };
		115BE63A1B84C876008A6D1A /* CoreLocation.framework */ = {isa = PBXFileReference; lastKnownFileType = wrapper.framework; name = CoreLocation.framework; path = System/Library/Frameworks/CoreLocation.framework; sourceTree = SDKROOT; };
		115BE63E1B84D6CB008A6D1A /* HGSettingViewController.swift */ = {isa = PBXFileReference; fileEncoding = 4; lastKnownFileType = sourcecode.swift; path = HGSettingViewController.swift; sourceTree = "<group>"; };
		115E9D191B8BE382007F16CA /* HGRunningTab.entitlements */ = {isa = PBXFileReference; lastKnownFileType = text.xml; path = HGRunningTab.entitlements; sourceTree = "<group>"; };
		115E9D1A1B8BE398007F16CA /* HealthKit.framework */ = {isa = PBXFileReference; lastKnownFileType = wrapper.framework; name = HealthKit.framework; path = System/Library/Frameworks/HealthKit.framework; sourceTree = SDKROOT; };
		115E9D1C1B8BFE85007F16CA /* HGLocationManager.swift */ = {isa = PBXFileReference; fileEncoding = 4; lastKnownFileType = sourcecode.swift; path = HGLocationManager.swift; sourceTree = "<group>"; };
		1160B3231B82B3160092543D /* SwiftColors.swift */ = {isa = PBXFileReference; fileEncoding = 4; lastKnownFileType = sourcecode.swift; path = SwiftColors.swift; sourceTree = "<group>"; };
		11AF35411B81CFAE0000C16F /* HGSideCellModel.swift */ = {isa = PBXFileReference; fileEncoding = 4; lastKnownFileType = sourcecode.swift; path = HGSideCellModel.swift; sourceTree = "<group>"; };
		11AF35451B81D6F10000C16F /* HGSportViewController.swift */ = {isa = PBXFileReference; fileEncoding = 4; lastKnownFileType = sourcecode.swift; path = HGSportViewController.swift; sourceTree = "<group>"; };
		11B24B311B7AF2580055EB9A /* HGRunningTab.app */ = {isa = PBXFileReference; explicitFileType = wrapper.application; includeInIndex = 0; path = HGRunningTab.app; sourceTree = BUILT_PRODUCTS_DIR; };
		11B24B351B7AF2580055EB9A /* Info.plist */ = {isa = PBXFileReference; lastKnownFileType = text.plist.xml; path = Info.plist; sourceTree = "<group>"; };
		11B24B361B7AF2580055EB9A /* AppDelegate.swift */ = {isa = PBXFileReference; lastKnownFileType = sourcecode.swift; path = AppDelegate.swift; sourceTree = "<group>"; };
		11B24B3D1B7AF2580055EB9A /* Base */ = {isa = PBXFileReference; lastKnownFileType = file.storyboard; name = Base; path = Base.lproj/Main.storyboard; sourceTree = "<group>"; };
		11B24B3F1B7AF2580055EB9A /* Images.xcassets */ = {isa = PBXFileReference; lastKnownFileType = folder.assetcatalog; path = Images.xcassets; sourceTree = "<group>"; };
		11B24B421B7AF2580055EB9A /* Base */ = {isa = PBXFileReference; lastKnownFileType = file.xib; name = Base; path = Base.lproj/LaunchScreen.xib; sourceTree = "<group>"; };
		11B24B481B7AF2580055EB9A /* HGRunningTabTests.xctest */ = {isa = PBXFileReference; explicitFileType = wrapper.cfbundle; includeInIndex = 0; path = HGRunningTabTests.xctest; sourceTree = BUILT_PRODUCTS_DIR; };
		11B24B4D1B7AF2580055EB9A /* Info.plist */ = {isa = PBXFileReference; lastKnownFileType = text.plist.xml; path = Info.plist; sourceTree = "<group>"; };
		11B24B4E1B7AF2580055EB9A /* HGRunningTabTests.swift */ = {isa = PBXFileReference; lastKnownFileType = sourcecode.swift; path = HGRunningTabTests.swift; sourceTree = "<group>"; };
		11B24B651B7AF6D00055EB9A /* HGBaseNavigationController.swift */ = {isa = PBXFileReference; fileEncoding = 4; lastKnownFileType = sourcecode.swift; path = HGBaseNavigationController.swift; sourceTree = "<group>"; };
		11B24B6B1B7AF6D00055EB9A /* HGBaseViewController.swift */ = {isa = PBXFileReference; fileEncoding = 4; lastKnownFileType = sourcecode.swift; path = HGBaseViewController.swift; sourceTree = "<group>"; };
		11DED09E1B831C6100366913 /* HGMotionKit.swift */ = {isa = PBXFileReference; fileEncoding = 4; lastKnownFileType = sourcecode.swift; path = HGMotionKit.swift; sourceTree = "<group>"; };
		11DED0A01B83361100366913 /* HGSettingSportViewController.swift */ = {isa = PBXFileReference; fileEncoding = 4; lastKnownFileType = sourcecode.swift; path = HGSettingSportViewController.swift; sourceTree = "<group>"; };
/* End PBXFileReference section */

/* Begin PBXFrameworksBuildPhase section */
		11B24B2E1B7AF2580055EB9A /* Frameworks */ = {
			isa = PBXFrameworksBuildPhase;
			buildActionMask = 2147483647;
			files = (
				115BE63B1B84C876008A6D1A /* CoreLocation.framework in Frameworks */,
				115E9D1B1B8BE398007F16CA /* HealthKit.framework in Frameworks */,
			);
			runOnlyForDeploymentPostprocessing = 0;
		};
		11B24B451B7AF2580055EB9A /* Frameworks */ = {
			isa = PBXFrameworksBuildPhase;
			buildActionMask = 2147483647;
			files = (
			);
			runOnlyForDeploymentPostprocessing = 0;
		};
/* End PBXFrameworksBuildPhase section */

/* Begin PBXGroup section */
		115BE63C1B84C888008A6D1A /* FrameWork */ = {
			isa = PBXGroup;
			children = (
				115E9D1A1B8BE398007F16CA /* HealthKit.framework */,
				115BE63A1B84C876008A6D1A /* CoreLocation.framework */,
			);
			name = FrameWork;
			sourceTree = "<group>";
		};
		115BE63D1B84D67C008A6D1A /* Setting */ = {
			isa = PBXGroup;
			children = (
				115BE63E1B84D6CB008A6D1A /* HGSettingViewController.swift */,
			);
			path = Setting;
			sourceTree = "<group>";
		};
		11B24B281B7AF2580055EB9A = {
			isa = PBXGroup;
			children = (
				11B24B331B7AF2580055EB9A /* HGRunningTab */,
				11B24B4B1B7AF2580055EB9A /* HGRunningTabTests */,
				115BE63C1B84C888008A6D1A /* FrameWork */,
				11B24B321B7AF2580055EB9A /* Products */,
			);
			sourceTree = "<group>";
		};
		11B24B321B7AF2580055EB9A /* Products */ = {
			isa = PBXGroup;
			children = (
				11B24B311B7AF2580055EB9A /* HGRunningTab.app */,
				11B24B481B7AF2580055EB9A /* HGRunningTabTests.xctest */,
			);
			name = Products;
			sourceTree = "<group>";
		};
		11B24B331B7AF2580055EB9A /* HGRunningTab */ = {
			isa = PBXGroup;
			children = (
				11B24B6C1B7AF6D00055EB9A /* HGSUV */,
				11B24B581B7AF6D00055EB9A /* HGFrameWork */,
				11B24B341B7AF2580055EB9A /* Supporting Files */,
			);
			path = HGRunningTab;
			sourceTree = "<group>";
		};
		11B24B341B7AF2580055EB9A /* Supporting Files */ = {
			isa = PBXGroup;
			children = (
				11B24B361B7AF2580055EB9A /* AppDelegate.swift */,
				11B24B3C1B7AF2580055EB9A /* Main.storyboard */,
				11B24B3F1B7AF2580055EB9A /* Images.xcassets */,
				11B24B411B7AF2580055EB9A /* LaunchScreen.xib */,
				115E9D191B8BE382007F16CA /* HGRunningTab.entitlements */,
				11B24B351B7AF2580055EB9A /* Info.plist */,
			);
			name = "Supporting Files";
			sourceTree = "<group>";
		};
		11B24B4B1B7AF2580055EB9A /* HGRunningTabTests */ = {
			isa = PBXGroup;
			children = (
				11B24B4E1B7AF2580055EB9A /* HGRunningTabTests.swift */,
				11B24B4C1B7AF2580055EB9A /* Supporting Files */,
			);
			path = HGRunningTabTests;
			sourceTree = "<group>";
		};
		11B24B4C1B7AF2580055EB9A /* Supporting Files */ = {
			isa = PBXGroup;
			children = (
				11B24B4D1B7AF2580055EB9A /* Info.plist */,
			);
			name = "Supporting Files";
			sourceTree = "<group>";
		};
		11B24B581B7AF6D00055EB9A /* HGFrameWork */ = {
			isa = PBXGroup;
			children = (
				11B24B591B7AF6D00055EB9A /* Category */,
				11B24B5A1B7AF6D00055EB9A /* Config */,
				11B24B5B1B7AF6D00055EB9A /* DataCenter */,
				11B24B5C1B7AF6D00055EB9A /* DataModel */,
				11B24B5D1B7AF6D00055EB9A /* DataStorage */,
				11B24B5E1B7AF6D00055EB9A /* Network */,
				11B24B5F1B7AF6D00055EB9A /* Plugins */,
				11B24B611B7AF6D00055EB9A /* Service */,
				11B24B621B7AF6D00055EB9A /* Tools */,
				11B24B631B7AF6D00055EB9A /* ViewLayer */,
			);
			path = HGFrameWork;
			sourceTree = "<group>";
		};
		11B24B591B7AF6D00055EB9A /* Category */ = {
			isa = PBXGroup;
			children = (
			);
			path = Category;
			sourceTree = "<group>";
		};
		11B24B5A1B7AF6D00055EB9A /* Config */ = {
			isa = PBXGroup;
			children = (
			);
			path = Config;
			sourceTree = "<group>";
		};
		11B24B5B1B7AF6D00055EB9A /* DataCenter */ = {
			isa = PBXGroup;
			children = (
			);
			path = DataCenter;
			sourceTree = "<group>";
		};
		11B24B5C1B7AF6D00055EB9A /* DataModel */ = {
			isa = PBXGroup;
			children = (
			);
			path = DataModel;
			sourceTree = "<group>";
		};
		11B24B5D1B7AF6D00055EB9A /* DataStorage */ = {
			isa = PBXGroup;
			children = (
			);
			path = DataStorage;
			sourceTree = "<group>";
		};
		11B24B5E1B7AF6D00055EB9A /* Network */ = {
			isa = PBXGroup;
			children = (
			);
			path = Network;
			sourceTree = "<group>";
		};
		11B24B5F1B7AF6D00055EB9A /* Plugins */ = {
			isa = PBXGroup;
			children = (
				11B24B601B7AF6D00055EB9A /* zoc */,
			);
			path = Plugins;
			sourceTree = "<group>";
		};
		11B24B601B7AF6D00055EB9A /* zoc */ = {
			isa = PBXGroup;
			children = (
			);
			path = zoc;
			sourceTree = "<group>";
		};
		11B24B611B7AF6D00055EB9A /* Service */ = {
			isa = PBXGroup;
			children = (
			);
			path = Service;
			sourceTree = "<group>";
		};
		11B24B621B7AF6D00055EB9A /* Tools */ = {
			isa = PBXGroup;
			children = (
			);
			path = Tools;
			sourceTree = "<group>";
		};
		11B24B631B7AF6D00055EB9A /* ViewLayer */ = {
			isa = PBXGroup;
			children = (
				11B24B641B7AF6D00055EB9A /* NavController */,
				11B24B661B7AF6D00055EB9A /* SlideNavController */,
				11B24B671B7AF6D00055EB9A /* TabBarController */,
				11B24B691B7AF6D00055EB9A /* View */,
				11B24B6A1B7AF6D00055EB9A /* ViewController */,
			);
			path = ViewLayer;
			sourceTree = "<group>";
		};
		11B24B641B7AF6D00055EB9A /* NavController */ = {
			isa = PBXGroup;
			children = (
				11B24B651B7AF6D00055EB9A /* HGBaseNavigationController.swift */,
			);
			path = NavController;
			sourceTree = "<group>";
		};
		11B24B661B7AF6D00055EB9A /* SlideNavController */ = {
			isa = PBXGroup;
			children = (
				111800061B81865B00CDA96A /* HGContentViewController.swift */,
				110133A71B817A3A00EE81A7 /* HGSidePanelViewController.swift */,
				11AF35411B81CFAE0000C16F /* HGSideCellModel.swift */,
				1150B6DF1B855FD1006158E6 /* HGBaseRootViewController.swift */,
			);
			path = SlideNavController;
			sourceTree = "<group>";
		};
		11B24B671B7AF6D00055EB9A /* TabBarController */ = {
			isa = PBXGroup;
			children = (
				1118000A1B8186D700CDA96A /* HGTabBarViewController.swift */,
			);
			path = TabBarController;
			sourceTree = "<group>";
		};
		11B24B691B7AF6D00055EB9A /* View */ = {
			isa = PBXGroup;
			children = (
			);
			path = View;
			sourceTree = "<group>";
		};
		11B24B6A1B7AF6D00055EB9A /* ViewController */ = {
			isa = PBXGroup;
			children = (
				111800081B8186B300CDA96A /* HGBaseTableViewController.swift */,
				11B24B6B1B7AF6D00055EB9A /* HGBaseViewController.swift */,
			);
			path = ViewController;
			sourceTree = "<group>";
		};
		11B24B6C1B7AF6D00055EB9A /* HGSUV */ = {
			isa = PBXGroup;
			children = (
				115BE63D1B84D67C008A6D1A /* Setting */,
				11B24B6D1B7AF6D00055EB9A /* HGtools */,
				11B24B6E1B7AF6D00055EB9A /* MineCenter */,
				11B24B6F1B7AF6D00055EB9A /* Sport */,
			);
			path = HGSUV;
			sourceTree = "<group>";
		};
		11B24B6D1B7AF6D00055EB9A /* HGtools */ = {
			isa = PBXGroup;
			children = (
				1160B3231B82B3160092543D /* SwiftColors.swift */,
				11DED09E1B831C6100366913 /* HGMotionKit.swift */,
				115E9D1C1B8BFE85007F16CA /* HGLocationManager.swift */,
			);
			path = HGtools;
			sourceTree = "<group>";
		};
		11B24B6E1B7AF6D00055EB9A /* MineCenter */ = {
			isa = PBXGroup;
			children = (
				1118000E1B818F8200CDA96A /* HGMineViewController.swift */,
			);
			path = MineCenter;
			sourceTree = "<group>";
		};
		11B24B6F1B7AF6D00055EB9A /* Sport */ = {
			isa = PBXGroup;
			children = (
				11AF35451B81D6F10000C16F /* HGSportViewController.swift */,
				11DED0A01B83361100366913 /* HGSettingSportViewController.swift */,
			);
			path = Sport;
			sourceTree = "<group>";
		};
/* End PBXGroup section */

/* Begin PBXNativeTarget section */
		11B24B301B7AF2580055EB9A /* HGRunningTab */ = {
			isa = PBXNativeTarget;
			buildConfigurationList = 11B24B521B7AF2580055EB9A /* Build configuration list for PBXNativeTarget "HGRunningTab" */;
			buildPhases = (
				11B24B2D1B7AF2580055EB9A /* Sources */,
				11B24B2E1B7AF2580055EB9A /* Frameworks */,
				11B24B2F1B7AF2580055EB9A /* Resources */,
			);
			buildRules = (
			);
			dependencies = (
			);
			name = HGRunningTab;
			productName = HGRunningTab;
			productReference = 11B24B311B7AF2580055EB9A /* HGRunningTab.app */;
			productType = "com.apple.product-type.application";
		};
		11B24B471B7AF2580055EB9A /* HGRunningTabTests */ = {
			isa = PBXNativeTarget;
			buildConfigurationList = 11B24B551B7AF2580055EB9A /* Build configuration list for PBXNativeTarget "HGRunningTabTests" */;
			buildPhases = (
				11B24B441B7AF2580055EB9A /* Sources */,
				11B24B451B7AF2580055EB9A /* Frameworks */,
				11B24B461B7AF2580055EB9A /* Resources */,
			);
			buildRules = (
			);
			dependencies = (
				11B24B4A1B7AF2580055EB9A /* PBXTargetDependency */,
			);
			name = HGRunningTabTests;
			productName = HGRunningTabTests;
			productReference = 11B24B481B7AF2580055EB9A /* HGRunningTabTests.xctest */;
			productType = "com.apple.product-type.bundle.unit-test";
		};
/* End PBXNativeTarget section */

/* Begin PBXProject section */
		11B24B291B7AF2580055EB9A /* Project object */ = {
			isa = PBXProject;
			attributes = {
				LastUpgradeCheck = 0640;
				ORGANIZATIONNAME = ismyway;
				TargetAttributes = {
					11B24B301B7AF2580055EB9A = {
						CreatedOnToolsVersion = 6.4;
						DevelopmentTeam = ZA62J628R5;
						SystemCapabilities = {
							com.apple.BackgroundModes = {
								enabled = 1;
							};
							com.apple.HealthKit = {
								enabled = 1;
							};
						};
					};
					11B24B471B7AF2580055EB9A = {
						CreatedOnToolsVersion = 6.4;
						TestTargetID = 11B24B301B7AF2580055EB9A;
					};
				};
			};
			buildConfigurationList = 11B24B2C1B7AF2580055EB9A /* Build configuration list for PBXProject "HGRunningTab" */;
			compatibilityVersion = "Xcode 3.2";
			developmentRegion = English;
			hasScannedForEncodings = 0;
			knownRegions = (
				en,
				Base,
			);
			mainGroup = 11B24B281B7AF2580055EB9A;
			productRefGroup = 11B24B321B7AF2580055EB9A /* Products */;
			projectDirPath = "";
			projectRoot = "";
			targets = (
				11B24B301B7AF2580055EB9A /* HGRunningTab */,
				11B24B471B7AF2580055EB9A /* HGRunningTabTests */,
			);
		};
/* End PBXProject section */

/* Begin PBXResourcesBuildPhase section */
		11B24B2F1B7AF2580055EB9A /* Resources */ = {
			isa = PBXResourcesBuildPhase;
			buildActionMask = 2147483647;
			files = (
				11B24B3E1B7AF2580055EB9A /* Main.storyboard in Resources */,
				11B24B431B7AF2580055EB9A /* LaunchScreen.xib in Resources */,
				11B24B401B7AF2580055EB9A /* Images.xcassets in Resources */,
			);
			runOnlyForDeploymentPostprocessing = 0;
		};
		11B24B461B7AF2580055EB9A /* Resources */ = {
			isa = PBXResourcesBuildPhase;
			buildActionMask = 2147483647;
			files = (
			);
			runOnlyForDeploymentPostprocessing = 0;
		};
/* End PBXResourcesBuildPhase section */

/* Begin PBXSourcesBuildPhase section */
		11B24B2D1B7AF2580055EB9A /* Sources */ = {
			isa = PBXSourcesBuildPhase;
			buildActionMask = 2147483647;
			files = (
				110133A81B817A3A00EE81A7 /* HGSidePanelViewController.swift in Sources */,
				11B24B701B7AF6D00055EB9A /* HGBaseNavigationController.swift in Sources */,
				115BE63F1B84D6CB008A6D1A /* HGSettingViewController.swift in Sources */,
				111800071B81865B00CDA96A /* HGContentViewController.swift in Sources */,
				111800091B8186B300CDA96A /* HGBaseTableViewController.swift in Sources */,
				115E9D1D1B8BFE85007F16CA /* HGLocationManager.swift in Sources */,
				1118000F1B818F8200CDA96A /* HGMineViewController.swift in Sources */,
				1150B6E01B855FD1006158E6 /* HGBaseRootViewController.swift in Sources */,
				11AF35421B81CFAE0000C16F /* HGSideCellModel.swift in Sources */,
				11B24B721B7AF6D00055EB9A /* HGBaseViewController.swift in Sources */,
				11DED0A11B83361100366913 /* HGSettingSportViewController.swift in Sources */,
				11AF35461B81D6F10000C16F /* HGSportViewController.swift in Sources */,
				11B24B371B7AF2580055EB9A /* AppDelegate.swift in Sources */,
				1118000B1B8186D700CDA96A /* HGTabBarViewController.swift in Sources */,
				11DED09F1B831C6100366913 /* HGMotionKit.swift in Sources */,
				1160B3241B82B3160092543D /* SwiftColors.swift in Sources */,
			);
			runOnlyForDeploymentPostprocessing = 0;
		};
		11B24B441B7AF2580055EB9A /* Sources */ = {
			isa = PBXSourcesBuildPhase;
			buildActionMask = 2147483647;
			files = (
				11B24B4F1B7AF2580055EB9A /* HGRunningTabTests.swift in Sources */,
			);
			runOnlyForDeploymentPostprocessing = 0;
		};
/* End PBXSourcesBuildPhase section */

/* Begin PBXTargetDependency section */
		11B24B4A1B7AF2580055EB9A /* PBXTargetDependency */ = {
			isa = PBXTargetDependency;
			target = 11B24B301B7AF2580055EB9A /* HGRunningTab */;
			targetProxy = 11B24B491B7AF2580055EB9A /* PBXContainerItemProxy */;
		};
/* End PBXTargetDependency section */

/* Begin PBXVariantGroup section */
		11B24B3C1B7AF2580055EB9A /* Main.storyboard */ = {
			isa = PBXVariantGroup;
			children = (
				11B24B3D1B7AF2580055EB9A /* Base */,
			);
			name = Main.storyboard;
			sourceTree = "<group>";
		};
		11B24B411B7AF2580055EB9A /* LaunchScreen.xib */ = {
			isa = PBXVariantGroup;
			children = (
				11B24B421B7AF2580055EB9A /* Base */,
			);
			name = LaunchScreen.xib;
			sourceTree = "<group>";
		};
/* End PBXVariantGroup section */

/* Begin XCBuildConfiguration section */
		11B24B501B7AF2580055EB9A /* Debug */ = {
			isa = XCBuildConfiguration;
			buildSettings = {
				ALWAYS_SEARCH_USER_PATHS = NO;
				CLANG_CXX_LANGUAGE_STANDARD = "gnu++0x";
				CLANG_CXX_LIBRARY = "libc++";
				CLANG_ENABLE_MODULES = YES;
				CLANG_ENABLE_OBJC_ARC = YES;
				CLANG_WARN_BOOL_CONVERSION = YES;
				CLANG_WARN_CONSTANT_CONVERSION = YES;
				CLANG_WARN_DIRECT_OBJC_ISA_USAGE = YES_ERROR;
				CLANG_WARN_EMPTY_BODY = YES;
				CLANG_WARN_ENUM_CONVERSION = YES;
				CLANG_WARN_INT_CONVERSION = YES;
				CLANG_WARN_OBJC_ROOT_CLASS = YES_ERROR;
				CLANG_WARN_UNREACHABLE_CODE = YES;
				CLANG_WARN__DUPLICATE_METHOD_MATCH = YES;
				"CODE_SIGN_IDENTITY[sdk=iphoneos*]" = "iPhone Developer";
				COPY_PHASE_STRIP = NO;
				DEBUG_INFORMATION_FORMAT = "dwarf-with-dsym";
				ENABLE_STRICT_OBJC_MSGSEND = YES;
				GCC_C_LANGUAGE_STANDARD = gnu99;
				GCC_DYNAMIC_NO_PIC = NO;
				GCC_NO_COMMON_BLOCKS = YES;
				GCC_OPTIMIZATION_LEVEL = 0;
				GCC_PREPROCESSOR_DEFINITIONS = (
					"DEBUG=1",
					"$(inherited)",
				);
				GCC_SYMBOLS_PRIVATE_EXTERN = NO;
				GCC_WARN_64_TO_32_BIT_CONVERSION = YES;
				GCC_WARN_ABOUT_RETURN_TYPE = YES_ERROR;
				GCC_WARN_UNDECLARED_SELECTOR = YES;
				GCC_WARN_UNINITIALIZED_AUTOS = YES_AGGRESSIVE;
				GCC_WARN_UNUSED_FUNCTION = YES;
				GCC_WARN_UNUSED_VARIABLE = YES;
				IPHONEOS_DEPLOYMENT_TARGET = 8.4;
				MTL_ENABLE_DEBUG_INFO = YES;
				ONLY_ACTIVE_ARCH = YES;
				SDKROOT = iphoneos;
				SWIFT_OPTIMIZATION_LEVEL = "-Onone";
			};
			name = Debug;
		};
		11B24B511B7AF2580055EB9A /* Release */ = {
			isa = XCBuildConfiguration;
			buildSettings = {
				ALWAYS_SEARCH_USER_PATHS = NO;
				CLANG_CXX_LANGUAGE_STANDARD = "gnu++0x";
				CLANG_CXX_LIBRARY = "libc++";
				CLANG_ENABLE_MODULES = YES;
				CLANG_ENABLE_OBJC_ARC = YES;
				CLANG_WARN_BOOL_CONVERSION = YES;
				CLANG_WARN_CONSTANT_CONVERSION = YES;
				CLANG_WARN_DIRECT_OBJC_ISA_USAGE = YES_ERROR;
				CLANG_WARN_EMPTY_BODY = YES;
				CLANG_WARN_ENUM_CONVERSION = YES;
				CLANG_WARN_INT_CONVERSION = YES;
				CLANG_WARN_OBJC_ROOT_CLASS = YES_ERROR;
				CLANG_WARN_UNREACHABLE_CODE = YES;
				CLANG_WARN__DUPLICATE_METHOD_MATCH = YES;
				"CODE_SIGN_IDENTITY[sdk=iphoneos*]" = "iPhone Developer";
				COPY_PHASE_STRIP = NO;
				DEBUG_INFORMATION_FORMAT = "dwarf-with-dsym";
				ENABLE_NS_ASSERTIONS = NO;
				ENABLE_STRICT_OBJC_MSGSEND = YES;
				GCC_C_LANGUAGE_STANDARD = gnu99;
				GCC_NO_COMMON_BLOCKS = YES;
				GCC_WARN_64_TO_32_BIT_CONVERSION = YES;
				GCC_WARN_ABOUT_RETURN_TYPE = YES_ERROR;
				GCC_WARN_UNDECLARED_SELECTOR = YES;
				GCC_WARN_UNINITIALIZED_AUTOS = YES_AGGRESSIVE;
				GCC_WARN_UNUSED_FUNCTION = YES;
				GCC_WARN_UNUSED_VARIABLE = YES;
				IPHONEOS_DEPLOYMENT_TARGET = 8.4;
				MTL_ENABLE_DEBUG_INFO = NO;
				SDKROOT = iphoneos;
				VALIDATE_PRODUCT = YES;
			};
			name = Release;
		};
		11B24B531B7AF2580055EB9A /* Debug */ = {
			isa = XCBuildConfiguration;
			buildSettings = {
				ASSETCATALOG_COMPILER_APPICON_NAME = AppIcon;
				CODE_SIGN_ENTITLEMENTS = HGRunningTab/HGRunningTab.entitlements;
				CODE_SIGN_IDENTITY = "iPhone Developer";
				"CODE_SIGN_IDENTITY[sdk=iphoneos*]" = "iPhone Developer";
				INFOPLIST_FILE = HGRunningTab/Info.plist;
				IPHONEOS_DEPLOYMENT_TARGET = 8.0;
				LD_RUNPATH_SEARCH_PATHS = "$(inherited) @executable_path/Frameworks";
				PRODUCT_NAME = "$(TARGET_NAME)";
				PROVISIONING_PROFILE = "";
			};
			name = Debug;
		};
		11B24B541B7AF2580055EB9A /* Release */ = {
			isa = XCBuildConfiguration;
			buildSettings = {
				ASSETCATALOG_COMPILER_APPICON_NAME = AppIcon;
				CODE_SIGN_ENTITLEMENTS = HGRunningTab/HGRunningTab.entitlements;
				CODE_SIGN_IDENTITY = "iPhone Developer";
				"CODE_SIGN_IDENTITY[sdk=iphoneos*]" = "iPhone Developer";
				INFOPLIST_FILE = HGRunningTab/Info.plist;
				IPHONEOS_DEPLOYMENT_TARGET = 8.0;
				LD_RUNPATH_SEARCH_PATHS = "$(inherited) @executable_path/Frameworks";
				PRODUCT_NAME = "$(TARGET_NAME)";
				PROVISIONING_PROFILE = "";
			};
			name = Release;
		};
		11B24B561B7AF2580055EB9A /* Debug */ = {
			isa = XCBuildConfiguration;
			buildSettings = {
				BUNDLE_LOADER = "$(TEST_HOST)";
				FRAMEWORK_SEARCH_PATHS = (
					"$(SDKROOT)/Developer/Library/Frameworks",
					"$(inherited)",
				);
				GCC_PREPROCESSOR_DEFINITIONS = (
					"DEBUG=1",
					"$(inherited)",
				);
				INFOPLIST_FILE = HGRunningTabTests/Info.plist;
				IPHONEOS_DEPLOYMENT_TARGET = 8.0;
				LD_RUNPATH_SEARCH_PATHS = "$(inherited) @executable_path/Frameworks @loader_path/Frameworks";
				PRODUCT_NAME = "$(TARGET_NAME)";
				TEST_HOST = "$(BUILT_PRODUCTS_DIR)/HGRunningTab.app/HGRunningTab";
			};
			name = Debug;
		};
		11B24B571B7AF2580055EB9A /* Release */ = {
			isa = XCBuildConfiguration;
			buildSettings = {
				BUNDLE_LOADER = "$(TEST_HOST)";
				FRAMEWORK_SEARCH_PATHS = (
					"$(SDKROOT)/Developer/Library/Frameworks",
					"$(inherited)",
				);
				INFOPLIST_FILE = HGRunningTabTests/Info.plist;
				IPHONEOS_DEPLOYMENT_TARGET = 8.0;
				LD_RUNPATH_SEARCH_PATHS = "$(inherited) @executable_path/Frameworks @loader_path/Frameworks";
				PRODUCT_NAME = "$(TARGET_NAME)";
				TEST_HOST = "$(BUILT_PRODUCTS_DIR)/HGRunningTab.app/HGRunningTab";
			};
			name = Release;
		};
/* End XCBuildConfiguration section */

/* Begin XCConfigurationList section */
		11B24B2C1B7AF2580055EB9A /* Build configuration list for PBXProject "HGRunningTab" */ = {
			isa = XCConfigurationList;
			buildConfigurations = (
				11B24B501B7AF2580055EB9A /* Debug */,
				11B24B511B7AF2580055EB9A /* Release */,
			);
			defaultConfigurationIsVisible = 0;
			defaultConfigurationName = Release;
		};
		11B24B521B7AF2580055EB9A /* Build configuration list for PBXNativeTarget "HGRunningTab" */ = {
			isa = XCConfigurationList;
			buildConfigurations = (
				11B24B531B7AF2580055EB9A /* Debug */,
				11B24B541B7AF2580055EB9A /* Release */,
			);
			defaultConfigurationIsVisible = 0;
			defaultConfigurationName = Release;
		};
		11B24B551B7AF2580055EB9A /* Build configuration list for PBXNativeTarget "HGRunningTabTests" */ = {
			isa = XCConfigurationList;
			buildConfigurations = (
				11B24B561B7AF2580055EB9A /* Debug */,
				11B24B571B7AF2580055EB9A /* Release */,
			);
			defaultConfigurationIsVisible = 0;
			defaultConfigurationName = Release;
		};
/* End XCConfigurationList section */
	};
	rootObject = 11B24B291B7AF2580055EB9A /* Project object */;
}
